// !$*UTF8*$!
{
	archiveVersion = 1;
	classes = {
	};
	objectVersion = 46;
	objects = {

/* Begin PBXBuildFile section */
		B14F6E351D575D0600A6B44F /* main.m in Sources */ = {isa = PBXBuildFile; fileRef = B14F6E341D575D0600A6B44F /* main.m */; };
		B14F6E381D575D0600A6B44F /* AppDelegate.m in Sources */ = {isa = PBXBuildFile; fileRef = B14F6E371D575D0600A6B44F /* AppDelegate.m */; };
		B14F6E3B1D575D0600A6B44F /* ViewController.m in Sources */ = {isa = PBXBuildFile; fileRef = B14F6E3A1D575D0600A6B44F /* ViewController.m */; };
		B14F6E3E1D575D0600A6B44F /* Main.storyboard in Resources */ = {isa = PBXBuildFile; fileRef = B14F6E3C1D575D0600A6B44F /* Main.storyboard */; };
		B14F6E401D575D0600A6B44F /* Assets.xcassets in Resources */ = {isa = PBXBuildFile; fileRef = B14F6E3F1D575D0600A6B44F /* Assets.xcassets */; };
		B14F6E431D575D0600A6B44F /* LaunchScreen.storyboard in Resources */ = {isa = PBXBuildFile; fileRef = B14F6E411D575D0600A6B44F /* LaunchScreen.storyboard */; };
		B14F6E641D575D7D00A6B44F /* MASCompositeConstraint.m in Sources */ = {isa = PBXBuildFile; fileRef = B14F6E4C1D575D7D00A6B44F /* MASCompositeConstraint.m */; };
		B14F6E651D575D7D00A6B44F /* MASConstraint.m in Sources */ = {isa = PBXBuildFile; fileRef = B14F6E4F1D575D7D00A6B44F /* MASConstraint.m */; };
		B14F6E661D575D7D00A6B44F /* MASConstraintMaker.m in Sources */ = {isa = PBXBuildFile; fileRef = B14F6E511D575D7D00A6B44F /* MASConstraintMaker.m */; };
		B14F6E671D575D7D00A6B44F /* MASLayoutConstraint.m in Sources */ = {isa = PBXBuildFile; fileRef = B14F6E531D575D7D00A6B44F /* MASLayoutConstraint.m */; };
		B14F6E681D575D7D00A6B44F /* MASViewAttribute.m in Sources */ = {isa = PBXBuildFile; fileRef = B14F6E571D575D7D00A6B44F /* MASViewAttribute.m */; };
		B14F6E691D575D7D00A6B44F /* MASViewConstraint.m in Sources */ = {isa = PBXBuildFile; fileRef = B14F6E591D575D7D00A6B44F /* MASViewConstraint.m */; };
		B14F6E6A1D575D7D00A6B44F /* NSArray+MASAdditions.m in Sources */ = {isa = PBXBuildFile; fileRef = B14F6E5B1D575D7D00A6B44F /* NSArray+MASAdditions.m */; };
		B14F6E6B1D575D7D00A6B44F /* NSLayoutConstraint+MASDebugAdditions.m in Sources */ = {isa = PBXBuildFile; fileRef = B14F6E5E1D575D7D00A6B44F /* NSLayoutConstraint+MASDebugAdditions.m */; };
		B14F6E6C1D575D7D00A6B44F /* View+MASAdditions.m in Sources */ = {isa = PBXBuildFile; fileRef = B14F6E601D575D7D00A6B44F /* View+MASAdditions.m */; };
		B14F6E6D1D575D7D00A6B44F /* ViewController+MASAdditions.m in Sources */ = {isa = PBXBuildFile; fileRef = B14F6E631D575D7D00A6B44F /* ViewController+MASAdditions.m */; };
		B14F6E701D5761BB00A6B44F /* Person.m in Sources */ = {isa = PBXBuildFile; fileRef = B14F6E6F1D5761BB00A6B44F /* Person.m */; };
/* End PBXBuildFile section */

/* Begin PBXFileReference section */
		B14F6E301D575D0600A6B44F /* 函数编程和链式编程.app */ = {isa = PBXFileReference; explicitFileType = wrapper.application; includeInIndex = 0; path = "函数编程和链式编程.app"; sourceTree = BUILT_PRODUCTS_DIR; };
		B14F6E341D575D0600A6B44F /* main.m */ = {isa = PBXFileReference; lastKnownFileType = sourcecode.c.objc; path = main.m; sourceTree = "<group>"; };
		B14F6E361D575D0600A6B44F /* AppDelegate.h */ = {isa = PBXFileReference; lastKnownFileType = sourcecode.c.h; path = AppDelegate.h; sourceTree = "<group>"; };
		B14F6E371D575D0600A6B44F /* AppDelegate.m */ = {isa = PBXFileReference; lastKnownFileType = sourcecode.c.objc; path = AppDelegate.m; sourceTree = "<group>"; };
		B14F6E391D575D0600A6B44F /* ViewController.h */ = {isa = PBXFileReference; lastKnownFileType = sourcecode.c.h; path = ViewController.h; sourceTree = "<group>"; };
		B14F6E3A1D575D0600A6B44F /* ViewController.m */ = {isa = PBXFileReference; lastKnownFileType = sourcecode.c.objc; path = ViewController.m; sourceTree = "<group>"; };
		B14F6E3D1D575D0600A6B44F /* Base */ = {isa = PBXFileReference; lastKnownFileType = file.storyboard; name = Base; path = Base.lproj/Main.storyboard; sourceTree = "<group>"; };
		B14F6E3F1D575D0600A6B44F /* Assets.xcassets */ = {isa = PBXFileReference; lastKnownFileType = folder.assetcatalog; path = Assets.xcassets; sourceTree = "<group>"; };
		B14F6E421D575D0600A6B44F /* Base */ = {isa = PBXFileReference; lastKnownFileType = file.storyboard; name = Base; path = Base.lproj/LaunchScreen.storyboard; sourceTree = "<group>"; };
		B14F6E441D575D0600A6B44F /* Info.plist */ = {isa = PBXFileReference; lastKnownFileType = text.plist.xml; path = Info.plist; sourceTree = "<group>"; };
		B14F6E4B1D575D7D00A6B44F /* MASCompositeConstraint.h */ = {isa = PBXFileReference; fileEncoding = 4; lastKnownFileType = sourcecode.c.h; path = MASCompositeConstraint.h; sourceTree = "<group>"; };
		B14F6E4C1D575D7D00A6B44F /* MASCompositeConstraint.m */ = {isa = PBXFileReference; fileEncoding = 4; lastKnownFileType = sourcecode.c.objc; path = MASCompositeConstraint.m; sourceTree = "<group>"; };
		B14F6E4D1D575D7D00A6B44F /* MASConstraint+Private.h */ = {isa = PBXFileReference; fileEncoding = 4; lastKnownFileType = sourcecode.c.h; path = "MASConstraint+Private.h"; sourceTree = "<group>"; };
		B14F6E4E1D575D7D00A6B44F /* MASConstraint.h */ = {isa = PBXFileReference; fileEncoding = 4; lastKnownFileType = sourcecode.c.h; path = MASConstraint.h; sourceTree = "<group>"; };
		B14F6E4F1D575D7D00A6B44F /* MASConstraint.m */ = {isa = PBXFileReference; fileEncoding = 4; lastKnownFileType = sourcecode.c.objc; path = MASConstraint.m; sourceTree = "<group>"; };
		B14F6E501D575D7D00A6B44F /* MASConstraintMaker.h */ = {isa = PBXFileReference; fileEncoding = 4; lastKnownFileType = sourcecode.c.h; path = MASConstraintMaker.h; sourceTree = "<group>"; };
		B14F6E511D575D7D00A6B44F /* MASConstraintMaker.m */ = {isa = PBXFileReference; fileEncoding = 4; lastKnownFileType = sourcecode.c.objc; path = MASConstraintMaker.m; sourceTree = "<group>"; };
		B14F6E521D575D7D00A6B44F /* MASLayoutConstraint.h */ = {isa = PBXFileReference; fileEncoding = 4; lastKnownFileType = sourcecode.c.h; path = MASLayoutConstraint.h; sourceTree = "<group>"; };
		B14F6E531D575D7D00A6B44F /* MASLayoutConstraint.m */ = {isa = PBXFileReference; fileEncoding = 4; lastKnownFileType = sourcecode.c.objc; path = MASLayoutConstraint.m; sourceTree = "<group>"; };
		B14F6E541D575D7D00A6B44F /* Masonry.h */ = {isa = PBXFileReference; fileEncoding = 4; lastKnownFileType = sourcecode.c.h; path = Masonry.h; sourceTree = "<group>"; };
		B14F6E551D575D7D00A6B44F /* MASUtilities.h */ = {isa = PBXFileReference; fileEncoding = 4; lastKnownFileType = sourcecode.c.h; path = MASUtilities.h; sourceTree = "<group>"; };
		B14F6E561D575D7D00A6B44F /* MASViewAttribute.h */ = {isa = PBXFileReference; fileEncoding = 4; lastKnownFileType = sourcecode.c.h; path = MASViewAttribute.h; sourceTree = "<group>"; };
		B14F6E571D575D7D00A6B44F /* MASViewAttribute.m */ = {isa = PBXFileReference; fileEncoding = 4; lastKnownFileType = sourcecode.c.objc; path = MASViewAttribute.m; sourceTree = "<group>"; };
		B14F6E581D575D7D00A6B44F /* MASViewConstraint.h */ = {isa = PBXFileReference; fileEncoding = 4; lastKnownFileType = sourcecode.c.h; path = MASViewConstraint.h; sourceTree = "<group>"; };
		B14F6E591D575D7D00A6B44F /* MASViewConstraint.m */ = {isa = PBXFileReference; fileEncoding = 4; lastKnownFileType = sourcecode.c.objc; path = MASViewConstraint.m; sourceTree = "<group>"; };
		B14F6E5A1D575D7D00A6B44F /* NSArray+MASAdditions.h */ = {isa = PBXFileReference; fileEncoding = 4; lastKnownFileType = sourcecode.c.h; path = "NSArray+MASAdditions.h"; sourceTree = "<group>"; };
		B14F6E5B1D575D7D00A6B44F /* NSArray+MASAdditions.m */ = {isa = PBXFileReference; fileEncoding = 4; lastKnownFileType = sourcecode.c.objc; path = "NSArray+MASAdditions.m"; sourceTree = "<group>"; };
		B14F6E5C1D575D7D00A6B44F /* NSArray+MASShorthandAdditions.h */ = {isa = PBXFileReference; fileEncoding = 4; lastKnownFileType = sourcecode.c.h; path = "NSArray+MASShorthandAdditions.h"; sourceTree = "<group>"; };
		B14F6E5D1D575D7D00A6B44F /* NSLayoutConstraint+MASDebugAdditions.h */ = {isa = PBXFileReference; fileEncoding = 4; lastKnownFileType = sourcecode.c.h; path = "NSLayoutConstraint+MASDebugAdditions.h"; sourceTree = "<group>"; };
		B14F6E5E1D575D7D00A6B44F /* NSLayoutConstraint+MASDebugAdditions.m */ = {isa = PBXFileReference; fileEncoding = 4; lastKnownFileType = sourcecode.c.objc; path = "NSLayoutConstraint+MASDebugAdditions.m"; sourceTree = "<group>"; };
		B14F6E5F1D575D7D00A6B44F /* View+MASAdditions.h */ = {isa = PBXFileReference; fileEncoding = 4; lastKnownFileType = sourcecode.c.h; path = "View+MASAdditions.h"; sourceTree = "<group>"; };
		B14F6E601D575D7D00A6B44F /* View+MASAdditions.m */ = {isa = PBXFileReference; fileEncoding = 4; lastKnownFileType = sourcecode.c.objc; path = "View+MASAdditions.m"; sourceTree = "<group>"; };
		B14F6E611D575D7D00A6B44F /* View+MASShorthandAdditions.h */ = {isa = PBXFileReference; fileEncoding = 4; lastKnownFileType = sourcecode.c.h; path = "View+MASShorthandAdditions.h"; sourceTree = "<group>"; };
		B14F6E621D575D7D00A6B44F /* ViewController+MASAdditions.h */ = {isa = PBXFileReference; fileEncoding = 4; lastKnownFileType = sourcecode.c.h; path = "ViewController+MASAdditions.h"; sourceTree = "<group>"; };
		B14F6E631D575D7D00A6B44F /* ViewController+MASAdditions.m */ = {isa = PBXFileReference; fileEncoding = 4; lastKnownFileType = sourcecode.c.objc; path = "ViewController+MASAdditions.m"; sourceTree = "<group>"; };
		B14F6E6E1D5761BB00A6B44F /* Person.h */ = {isa = PBXFileReference; fileEncoding = 4; lastKnownFileType = sourcecode.c.h; path = Person.h; sourceTree = "<group>"; };
		B14F6E6F1D5761BB00A6B44F /* Person.m */ = {isa = PBXFileReference; fileEncoding = 4; lastKnownFileType = sourcecode.c.objc; path = Person.m; sourceTree = "<group>"; };
/* End PBXFileReference section */

/* Begin PBXFrameworksBuildPhase section */
		B14F6E2D1D575D0600A6B44F /* Frameworks */ = {
			isa = PBXFrameworksBuildPhase;
			buildActionMask = 2147483647;
			files = (
			);
			runOnlyForDeploymentPostprocessing = 0;
		};
/* End PBXFrameworksBuildPhase section */

/* Begin PBXGroup section */
		B14F6E271D575D0600A6B44F = {
			isa = PBXGroup;
			children = (
				B14F6E321D575D0600A6B44F /* 函数编程和链式编程 */,
				B14F6E311D575D0600A6B44F /* Products */,
			);
			sourceTree = "<group>";
		};
		B14F6E311D575D0600A6B44F /* Products */ = {
			isa = PBXGroup;
			children = (
				B14F6E301D575D0600A6B44F /* 函数编程和链式编程.app */,
			);
			name = Products;
			sourceTree = "<group>";
		};
		B14F6E321D575D0600A6B44F /* 函数编程和链式编程 */ = {
			isa = PBXGroup;
			children = (
				B14F6E4A1D575D7D00A6B44F /* Masonry */,
				B14F6E361D575D0600A6B44F /* AppDelegate.h */,
				B14F6E371D575D0600A6B44F /* AppDelegate.m */,
				B14F6E391D575D0600A6B44F /* ViewController.h */,
				B14F6E3A1D575D0600A6B44F /* ViewController.m */,
				B14F6E6E1D5761BB00A6B44F /* Person.h */,
				B14F6E6F1D5761BB00A6B44F /* Person.m */,
				B14F6E3C1D575D0600A6B44F /* Main.storyboard */,
				B14F6E3F1D575D0600A6B44F /* Assets.xcassets */,
				B14F6E411D575D0600A6B44F /* LaunchScreen.storyboard */,
				B14F6E441D575D0600A6B44F /* Info.plist */,
				B14F6E331D575D0600A6B44F /* Supporting Files */,
			);
			path = "函数编程和链式编程";
			sourceTree = "<group>";
		};
		B14F6E331D575D0600A6B44F /* Supporting Files */ = {
			isa = PBXGroup;
			children = (
				B14F6E341D575D0600A6B44F /* main.m */,
			);
			name = "Supporting Files";
			sourceTree = "<group>";
		};
		B14F6E4A1D575D7D00A6B44F /* Masonry */ = {
			isa = PBXGroup;
			children = (
				B14F6E4B1D575D7D00A6B44F /* MASCompositeConstraint.h */,
				B14F6E4C1D575D7D00A6B44F /* MASCompositeConstraint.m */,
				B14F6E4D1D575D7D00A6B44F /* MASConstraint+Private.h */,
				B14F6E4E1D575D7D00A6B44F /* MASConstraint.h */,
				B14F6E4F1D575D7D00A6B44F /* MASConstraint.m */,
				B14F6E501D575D7D00A6B44F /* MASConstraintMaker.h */,
				B14F6E511D575D7D00A6B44F /* MASConstraintMaker.m */,
				B14F6E521D575D7D00A6B44F /* MASLayoutConstraint.h */,
				B14F6E531D575D7D00A6B44F /* MASLayoutConstraint.m */,
				B14F6E541D575D7D00A6B44F /* Masonry.h */,
				B14F6E551D575D7D00A6B44F /* MASUtilities.h */,
				B14F6E561D575D7D00A6B44F /* MASViewAttribute.h */,
				B14F6E571D575D7D00A6B44F /* MASViewAttribute.m */,
				B14F6E581D575D7D00A6B44F /* MASViewConstraint.h */,
				B14F6E591D575D7D00A6B44F /* MASViewConstraint.m */,
				B14F6E5A1D575D7D00A6B44F /* NSArray+MASAdditions.h */,
				B14F6E5B1D575D7D00A6B44F /* NSArray+MASAdditions.m */,
				B14F6E5C1D575D7D00A6B44F /* NSArray+MASShorthandAdditions.h */,
				B14F6E5D1D575D7D00A6B44F /* NSLayoutConstraint+MASDebugAdditions.h */,
				B14F6E5E1D575D7D00A6B44F /* NSLayoutConstraint+MASDebugAdditions.m */,
				B14F6E5F1D575D7D00A6B44F /* View+MASAdditions.h */,
				B14F6E601D575D7D00A6B44F /* View+MASAdditions.m */,
				B14F6E611D575D7D00A6B44F /* View+MASShorthandAdditions.h */,
				B14F6E621D575D7D00A6B44F /* ViewController+MASAdditions.h */,
				B14F6E631D575D7D00A6B44F /* ViewController+MASAdditions.m */,
			);
			path = Masonry;
			sourceTree = "<group>";
		};
/* End PBXGroup section */

/* Begin PBXNativeTarget section */
		B14F6E2F1D575D0600A6B44F /* 函数编程和链式编程 */ = {
			isa = PBXNativeTarget;
			buildConfigurationList = B14F6E471D575D0600A6B44F /* Build configuration list for PBXNativeTarget "函数编程和链式编程" */;
			buildPhases = (
				B14F6E2C1D575D0600A6B44F /* Sources */,
				B14F6E2D1D575D0600A6B44F /* Frameworks */,
				B14F6E2E1D575D0600A6B44F /* Resources */,
			);
			buildRules = (
			);
			dependencies = (
			);
			name = "函数编程和链式编程";
			productName = "函数编程和链式编程";
			productReference = B14F6E301D575D0600A6B44F /* 函数编程和链式编程.app */;
			productType = "com.apple.product-type.application";
		};
/* End PBXNativeTarget section */

/* Begin PBXProject section */
		B14F6E281D575D0600A6B44F /* Project object */ = {
			isa = PBXProject;
			attributes = {
				LastUpgradeCheck = 0720;
				ORGANIZATIONNAME = com.baiduniang;
				TargetAttributes = {
					B14F6E2F1D575D0600A6B44F = {
						CreatedOnToolsVersion = 7.2;
					};
				};
			};
			buildConfigurationList = B14F6E2B1D575D0600A6B44F /* Build configuration list for PBXProject "函数编程和链式编程" */;
			compatibilityVersion = "Xcode 3.2";
			developmentRegion = English;
			hasScannedForEncodings = 0;
			knownRegions = (
				en,
				Base,
			);
			mainGroup = B14F6E271D575D0600A6B44F;
			productRefGroup = B14F6E311D575D0600A6B44F /* Products */;
			projectDirPath = "";
			projectRoot = "";
			targets = (
				B14F6E2F1D575D0600A6B44F /* 函数编程和链式编程 */,
			);
		};
/* End PBXProject section */

/* Begin PBXResourcesBuildPhase section */
		B14F6E2E1D575D0600A6B44F /* Resources */ = {
			isa = PBXResourcesBuildPhase;
			buildActionMask = 2147483647;
			files = (
				B14F6E431D575D0600A6B44F /* LaunchScreen.storyboard in Resources */,
				B14F6E401D575D0600A6B44F /* Assets.xcassets in Resources */,
				B14F6E3E1D575D0600A6B44F /* Main.storyboard in Resources */,
			);
			runOnlyForDeploymentPostprocessing = 0;
		};
/* End PBXResourcesBuildPhase section */

/* Begin PBXSourcesBuildPhase section */
		B14F6E2C1D575D0600A6B44F /* Sources */ = {
			isa = PBXSourcesBuildPhase;
			buildActionMask = 2147483647;
			files = (
				B14F6E6B1D575D7D00A6B44F /* NSLayoutConstraint+MASDebugAdditions.m in Sources */,
				B14F6E691D575D7D00A6B44F /* MASViewConstraint.m in Sources */,
				B14F6E701D5761BB00A6B44F /* Person.m in Sources */,
				B14F6E641D575D7D00A6B44F /* MASCompositeConstraint.m in Sources */,
				B14F6E6A1D575D7D00A6B44F /* NSArray+MASAdditions.m in Sources */,
				B14F6E3B1D575D0600A6B44F /* ViewController.m in Sources */,
				B14F6E381D575D0600A6B44F /* AppDelegate.m in Sources */,
				B14F6E671D575D7D00A6B44F /* MASLayoutConstraint.m in Sources */,
				B14F6E351D575D0600A6B44F /* main.m in Sources */,
				B14F6E6D1D575D7D00A6B44F /* ViewController+MASAdditions.m in Sources */,
				B14F6E6C1D575D7D00A6B44F /* View+MASAdditions.m in Sources */,
				B14F6E681D575D7D00A6B44F /* MASViewAttribute.m in Sources */,
				B14F6E651D575D7D00A6B44F /* MASConstraint.m in Sources */,
				B14F6E661D575D7D00A6B44F /* MASConstraintMaker.m in Sources */,
			);
			runOnlyForDeploymentPostprocessing = 0;
		};
/* End PBXSourcesBuildPhase section */

/* Begin PBXVariantGroup section */
		B14F6E3C1D575D0600A6B44F /* Main.storyboard */ = {
			isa = PBXVariantGroup;
			children = (
				B14F6E3D1D575D0600A6B44F /* Base */,
			);
			name = Main.storyboard;
			sourceTree = "<group>";
		};
		B14F6E411D575D0600A6B44F /* LaunchScreen.storyboard */ = {
			isa = PBXVariantGroup;
			children = (
				B14F6E421D575D0600A6B44F /* Base */,
			);
			name = LaunchScreen.storyboard;
			sourceTree = "<group>";
		};
/* End PBXVariantGroup section */

/* Begin XCBuildConfiguration section */
		B14F6E451D575D0600A6B44F /* Debug */ = {
			isa = XCBuildConfiguration;
			buildSettings = {
				ALWAYS_SEARCH_USER_PATHS = NO;
				CLANG_CXX_LANGUAGE_STANDARD = "gnu++0x";
				CLANG_CXX_LIBRARY = "libc++";
				CLANG_ENABLE_MODULES = YES;
				CLANG_ENABLE_OBJC_ARC = YES;
				CLANG_WARN_BOOL_CONVERSION = YES;
				CLANG_WARN_CONSTANT_CONVERSION = YES;
				CLANG_WARN_DIRECT_OBJC_ISA_USAGE = YES_ERROR;
				CLANG_WARN_EMPTY_BODY = YES;
				CLANG_WARN_ENUM_CONVERSION = YES;
				CLANG_WARN_INT_CONVERSION = YES;
				CLANG_WARN_OBJC_ROOT_CLASS = YES_ERROR;
				CLANG_WARN_UNREACHABLE_CODE = YES;
				CLANG_WARN__DUPLICATE_METHOD_MATCH = YES;
				"CODE_SIGN_IDENTITY[sdk=iphoneos*]" = "iPhone Developer";
				COPY_PHASE_STRIP = NO;
				DEBUG_INFORMATION_FORMAT = dwarf;
				ENABLE_STRICT_OBJC_MSGSEND = YES;
				ENABLE_TESTABILITY = YES;
				GCC_C_LANGUAGE_STANDARD = gnu99;
				GCC_DYNAMIC_NO_PIC = NO;
				GCC_NO_COMMON_BLOCKS = YES;
				GCC_OPTIMIZATION_LEVEL = 0;
				GCC_PREPROCESSOR_DEFINITIONS = (
					"DEBUG=1",
					"$(inherited)",
				);
				GCC_WARN_64_TO_32_BIT_CONVERSION = YES;
				GCC_WARN_ABOUT_RETURN_TYPE = YES_ERROR;
				GCC_WARN_UNDECLARED_SELECTOR = YES;
				GCC_WARN_UNINITIALIZED_AUTOS = YES_AGGRESSIVE;
				GCC_WARN_UNUSED_FUNCTION = YES;
				GCC_WARN_UNUSED_VARIABLE = YES;
				IPHONEOS_DEPLOYMENT_TARGET = 9.2;
				MTL_ENABLE_DEBUG_INFO = YES;
				ONLY_ACTIVE_ARCH = YES;
				SDKROOT = iphoneos;
				TARGETED_DEVICE_FAMILY = "1,2";
			};
			name = Debug;
		};
		B14F6E461D575D0600A6B44F /* Release */ = {
			isa = XCBuildConfiguration;
			buildSettings = {
				ALWAYS_SEARCH_USER_PATHS = NO;
				CLANG_CXX_LANGUAGE_STANDARD = "gnu++0x";
				CLANG_CXX_LIBRARY = "libc++";
				CLANG_ENABLE_MODULES = YES;
				CLANG_ENABLE_OBJC_ARC = YES;
				CLANG_WARN_BOOL_CONVERSION = YES;
				CLANG_WARN_CONSTANT_CONVERSION = YES;
				CLANG_WARN_DIRECT_OBJC_ISA_USAGE = YES_ERROR;
				CLANG_WARN_EMPTY_BODY = YES;
				CLANG_WARN_ENUM_CONVERSION = YES;
				CLANG_WARN_INT_CONVERSION = YES;
				CLANG_WARN_OBJC_ROOT_CLASS = YES_ERROR;
				CLANG_WARN_UNREACHABLE_CODE = YES;
				CLANG_WARN__DUPLICATE_METHOD_MATCH = YES;
				"CODE_SIGN_IDENTITY[sdk=iphoneos*]" = "iPhone Developer";
				COPY_PHASE_STRIP = NO;
				DEBUG_INFORMATION_FORMAT = "dwarf-with-dsym";
				ENABLE_NS_ASSERTIONS = NO;
				ENABLE_STRICT_OBJC_MSGSEND = YES;
				GCC_C_LANGUAGE_STANDARD = gnu99;
				GCC_NO_COMMON_BLOCKS = YES;
				GCC_WARN_64_TO_32_BIT_CONVERSION = YES;
				GCC_WARN_ABOUT_RETURN_TYPE = YES_ERROR;
				GCC_WARN_UNDECLARED_SELECTOR = YES;
				GCC_WARN_UNINITIALIZED_AUTOS = YES_AGGRESSIVE;
				GCC_WARN_UNUSED_FUNCTION = YES;
				GCC_WARN_UNUSED_VARIABLE = YES;
				IPHONEOS_DEPLOYMENT_TARGET = 9.2;
				MTL_ENABLE_DEBUG_INFO = NO;
				SDKROOT = iphoneos;
				TARGETED_DEVICE_FAMILY = "1,2";
				VALIDATE_PRODUCT = YES;
			};
			name = Release;
		};
		B14F6E481D575D0600A6B44F /* Debug */ = {
			isa = XCBuildConfiguration;
			buildSettings = {
				ASSETCATALOG_COMPILER_APPICON_NAME = AppIcon;
				INFOPLIST_FILE = "函数编程和链式编程/Info.plist";
				LD_RUNPATH_SEARCH_PATHS = "$(inherited) @executable_path/Frameworks";
				PRODUCT_BUNDLE_IDENTIFIER = "ccom.baiduniang.---------";
				PRODUCT_NAME = "$(TARGET_NAME)";
			};
			name = Debug;
		};
		B14F6E491D575D0600A6B44F /* Release */ = {
			isa = XCBuildConfiguration;
			buildSettings = {
				ASSETCATALOG_COMPILER_APPICON_NAME = AppIcon;
				INFOPLIST_FILE = "函数编程和链式编程/Info.plist";
				LD_RUNPATH_SEARCH_PATHS = "$(inherited) @executable_path/Frameworks";
				PRODUCT_BUNDLE_IDENTIFIER = "ccom.baiduniang.---------";
				PRODUCT_NAME = "$(TARGET_NAME)";
			};
			name = Release;
		};
/* End XCBuildConfiguration section */

/* Begin XCConfigurationList section */
		B14F6E2B1D575D0600A6B44F /* Build configuration list for PBXProject "函数编程和链式编程" */ = {
			isa = XCConfigurationList;
			buildConfigurations = (
				B14F6E451D575D0600A6B44F /* Debug */,
				B14F6E461D575D0600A6B44F /* Release */,
			);
			defaultConfigurationIsVisible = 0;
			defaultConfigurationName = Release;
		};
		B14F6E471D575D0600A6B44F /* Build configuration list for PBXNativeTarget "函数编程和链式编程" */ = {
			isa = XCConfigurationList;
			buildConfigurations = (
				B14F6E481D575D0600A6B44F /* Debug */,
				B14F6E491D575D0600A6B44F /* Release */,
			);
			defaultConfigurationIsVisible = 0;
		};
/* End XCConfigurationList section */
	};
	rootObject = B14F6E281D575D0600A6B44F /* Project object */;
}
